// !$*UTF8*$!
{
	archiveVersion = 1;
	classes = {
	};
	objectVersion = 55;
	objects = {

/* Begin PBXBuildFile section */
		3F04591C27B39D7B000AB74F /* MovieDetailsViewController.swift in Sources */ = {isa = PBXBuildFile; fileRef = 3F04591B27B39D7B000AB74F /* MovieDetailsViewController.swift */; };
		3F04591E27B3B609000AB74F /* MovieGridViewController.swift in Sources */ = {isa = PBXBuildFile; fileRef = 3F04591D27B3B609000AB74F /* MovieGridViewController.swift */; };
		3F04592027B3C1E2000AB74F /* MovieGridCell.swift in Sources */ = {isa = PBXBuildFile; fileRef = 3F04591F27B3C1E2000AB74F /* MovieGridCell.swift */; };
		3F08063E27ABD616006B3CA9 /* MovieCell.swift in Sources */ = {isa = PBXBuildFile; fileRef = 3F08063D27ABD616006B3CA9 /* MovieCell.swift */; };
		3F08064127AD055D006B3CA9 /* AlamofireImage in Frameworks */ = {isa = PBXBuildFile; productRef = 3F08064027AD055D006B3CA9 /* AlamofireImage */; };
		3F509B1527AA72A600D3C7B6 /* AppDelegate.swift in Sources */ = {isa = PBXBuildFile; fileRef = 3F509B1427AA72A600D3C7B6 /* AppDelegate.swift */; };
		3F509B1727AA72A600D3C7B6 /* SceneDelegate.swift in Sources */ = {isa = PBXBuildFile; fileRef = 3F509B1627AA72A600D3C7B6 /* SceneDelegate.swift */; };
		3F509B1927AA72A600D3C7B6 /* ViewController.swift in Sources */ = {isa = PBXBuildFile; fileRef = 3F509B1827AA72A600D3C7B6 /* ViewController.swift */; };
		3F509B1C27AA72A600D3C7B6 /* Main.storyboard in Resources */ = {isa = PBXBuildFile; fileRef = 3F509B1A27AA72A600D3C7B6 /* Main.storyboard */; };
		3F509B1E27AA72AA00D3C7B6 /* Assets.xcassets in Resources */ = {isa = PBXBuildFile; fileRef = 3F509B1D27AA72AA00D3C7B6 /* Assets.xcassets */; };
		3F509B2127AA72AA00D3C7B6 /* LaunchScreen.storyboard in Resources */ = {isa = PBXBuildFile; fileRef = 3F509B1F27AA72AA00D3C7B6 /* LaunchScreen.storyboard */; };
		3F509B2C27AA72AA00D3C7B6 /* flixsterTests.swift in Sources */ = {isa = PBXBuildFile; fileRef = 3F509B2B27AA72AA00D3C7B6 /* flixsterTests.swift */; };
		3F509B3627AA72AA00D3C7B6 /* flixsterUITests.swift in Sources */ = {isa = PBXBuildFile; fileRef = 3F509B3527AA72AA00D3C7B6 /* flixsterUITests.swift */; };
		3F509B3827AA72AA00D3C7B6 /* flixsterUITestsLaunchTests.swift in Sources */ = {isa = PBXBuildFile; fileRef = 3F509B3727AA72AA00D3C7B6 /* flixsterUITestsLaunchTests.swift */; };
		3F509B6B27ABCBD900D3C7B6 /* MoviesViewController.swift in Sources */ = {isa = PBXBuildFile; fileRef = 3F509B6A27ABCBD900D3C7B6 /* MoviesViewController.swift */; };
		8ECE720FC6D9CA0D64247528 /* Pods_flixsterTests.framework in Frameworks */ = {isa = PBXBuildFile; fileRef = 0AA06E59124396CDFF5F9605 /* Pods_flixsterTests.framework */; };
		BFA4A0397374FBB9E84FB129 /* Pods_flixster_flixsterUITests.framework in Frameworks */ = {isa = PBXBuildFile; fileRef = 91B03CC5886F4BAA08E99C3F /* Pods_flixster_flixsterUITests.framework */; };
		C3A2DA1AA51689026CE9378C /* Pods_flixster.framework in Frameworks */ = {isa = PBXBuildFile; fileRef = 471F0D78D9F6989ECA62ED90 /* Pods_flixster.framework */; };
/* End PBXBuildFile section */

/* Begin PBXContainerItemProxy section */
		3F509B2827AA72AA00D3C7B6 /* PBXContainerItemProxy */ = {
			isa = PBXContainerItemProxy;
			containerPortal = 3F509B0927AA72A600D3C7B6 /* Project object */;
			proxyType = 1;
			remoteGlobalIDString = 3F509B1027AA72A600D3C7B6;
			remoteInfo = flixster;
		};
		3F509B3227AA72AA00D3C7B6 /* PBXContainerItemProxy */ = {
			isa = PBXContainerItemProxy;
			containerPortal = 3F509B0927AA72A600D3C7B6 /* Project object */;
			proxyType = 1;
			remoteGlobalIDString = 3F509B1027AA72A600D3C7B6;
			remoteInfo = flixster;
		};
/* End PBXContainerItemProxy section */

/* Begin PBXFileReference section */
		0AA06E59124396CDFF5F9605 /* Pods_flixsterTests.framework */ = {isa = PBXFileReference; explicitFileType = wrapper.framework; includeInIndex = 0; path = Pods_flixsterTests.framework; sourceTree = BUILT_PRODUCTS_DIR; };
		3F04591B27B39D7B000AB74F /* MovieDetailsViewController.swift */ = {isa = PBXFileReference; lastKnownFileType = sourcecode.swift; path = MovieDetailsViewController.swift; sourceTree = "<group>"; };
		3F04591D27B3B609000AB74F /* MovieGridViewController.swift */ = {isa = PBXFileReference; lastKnownFileType = sourcecode.swift; path = MovieGridViewController.swift; sourceTree = "<group>"; };
		3F04591F27B3C1E2000AB74F /* MovieGridCell.swift */ = {isa = PBXFileReference; lastKnownFileType = sourcecode.swift; path = MovieGridCell.swift; sourceTree = "<group>"; };
		3F08063D27ABD616006B3CA9 /* MovieCell.swift */ = {isa = PBXFileReference; lastKnownFileType = sourcecode.swift; path = MovieCell.swift; sourceTree = "<group>"; };
		3F509B1127AA72A600D3C7B6 /* flixster.app */ = {isa = PBXFileReference; explicitFileType = wrapper.application; includeInIndex = 0; path = flixster.app; sourceTree = BUILT_PRODUCTS_DIR; };
		3F509B1427AA72A600D3C7B6 /* AppDelegate.swift */ = {isa = PBXFileReference; lastKnownFileType = sourcecode.swift; path = AppDelegate.swift; sourceTree = "<group>"; };
		3F509B1627AA72A600D3C7B6 /* SceneDelegate.swift */ = {isa = PBXFileReference; lastKnownFileType = sourcecode.swift; path = SceneDelegate.swift; sourceTree = "<group>"; };
		3F509B1827AA72A600D3C7B6 /* ViewController.swift */ = {isa = PBXFileReference; lastKnownFileType = sourcecode.swift; path = ViewController.swift; sourceTree = "<group>"; };
		3F509B1B27AA72A600D3C7B6 /* Base */ = {isa = PBXFileReference; lastKnownFileType = file.storyboard; name = Base; path = Base.lproj/Main.storyboard; sourceTree = "<group>"; };
		3F509B1D27AA72AA00D3C7B6 /* Assets.xcassets */ = {isa = PBXFileReference; lastKnownFileType = folder.assetcatalog; path = Assets.xcassets; sourceTree = "<group>"; };
		3F509B2027AA72AA00D3C7B6 /* Base */ = {isa = PBXFileReference; lastKnownFileType = file.storyboard; name = Base; path = Base.lproj/LaunchScreen.storyboard; sourceTree = "<group>"; };
		3F509B2227AA72AA00D3C7B6 /* Info.plist */ = {isa = PBXFileReference; lastKnownFileType = text.plist.xml; path = Info.plist; sourceTree = "<group>"; };
		3F509B2727AA72AA00D3C7B6 /* flixsterTests.xctest */ = {isa = PBXFileReference; explicitFileType = wrapper.cfbundle; includeInIndex = 0; path = flixsterTests.xctest; sourceTree = BUILT_PRODUCTS_DIR; };
		3F509B2B27AA72AA00D3C7B6 /* flixsterTests.swift */ = {isa = PBXFileReference; lastKnownFileType = sourcecode.swift; path = flixsterTests.swift; sourceTree = "<group>"; };
		3F509B3127AA72AA00D3C7B6 /* flixsterUITests.xctest */ = {isa = PBXFileReference; explicitFileType = wrapper.cfbundle; includeInIndex = 0; path = flixsterUITests.xctest; sourceTree = BUILT_PRODUCTS_DIR; };
		3F509B3527AA72AA00D3C7B6 /* flixsterUITests.swift */ = {isa = PBXFileReference; lastKnownFileType = sourcecode.swift; path = flixsterUITests.swift; sourceTree = "<group>"; };
		3F509B3727AA72AA00D3C7B6 /* flixsterUITestsLaunchTests.swift */ = {isa = PBXFileReference; lastKnownFileType = sourcecode.swift; path = flixsterUITestsLaunchTests.swift; sourceTree = "<group>"; };
		3F509B6A27ABCBD900D3C7B6 /* MoviesViewController.swift */ = {isa = PBXFileReference; lastKnownFileType = sourcecode.swift; path = MoviesViewController.swift; sourceTree = "<group>"; };
		471F0D78D9F6989ECA62ED90 /* Pods_flixster.framework */ = {isa = PBXFileReference; explicitFileType = wrapper.framework; includeInIndex = 0; path = Pods_flixster.framework; sourceTree = BUILT_PRODUCTS_DIR; };
		4AB420CDE726E470F3989FC4 /* Pods-flixster.release.xcconfig */ = {isa = PBXFileReference; includeInIndex = 1; lastKnownFileType = text.xcconfig; name = "Pods-flixster.release.xcconfig"; path = "Target Support Files/Pods-flixster/Pods-flixster.release.xcconfig"; sourceTree = "<group>"; };
		68CE9580A196C19308475A3C /* Pods-flixsterTests.release.xcconfig */ = {isa = PBXFileReference; includeInIndex = 1; lastKnownFileType = text.xcconfig; name = "Pods-flixsterTests.release.xcconfig"; path = "Target Support Files/Pods-flixsterTests/Pods-flixsterTests.release.xcconfig"; sourceTree = "<group>"; };
		6C0047029A2DF20E27C64C19 /* Pods-flixster.debug.xcconfig */ = {isa = PBXFileReference; includeInIndex = 1; lastKnownFileType = text.xcconfig; name = "Pods-flixster.debug.xcconfig"; path = "Target Support Files/Pods-flixster/Pods-flixster.debug.xcconfig"; sourceTree = "<group>"; };
		74863FBB8B2B57E45221445A /* Pods-flixster-flixsterUITests.release.xcconfig */ = {isa = PBXFileReference; includeInIndex = 1; lastKnownFileType = text.xcconfig; name = "Pods-flixster-flixsterUITests.release.xcconfig"; path = "Target Support Files/Pods-flixster-flixsterUITests/Pods-flixster-flixsterUITests.release.xcconfig"; sourceTree = "<group>"; };
		91B03CC5886F4BAA08E99C3F /* Pods_flixster_flixsterUITests.framework */ = {isa = PBXFileReference; explicitFileType = wrapper.framework; includeInIndex = 0; path = Pods_flixster_flixsterUITests.framework; sourceTree = BUILT_PRODUCTS_DIR; };
		B505507A0C490029803F2A34 /* Pods-flixsterTests.debug.xcconfig */ = {isa = PBXFileReference; includeInIndex = 1; lastKnownFileType = text.xcconfig; name = "Pods-flixsterTests.debug.xcconfig"; path = "Target Support Files/Pods-flixsterTests/Pods-flixsterTests.debug.xcconfig"; sourceTree = "<group>"; };
		B7813BA22C98E33E4A4D275D /* Pods-flixster-flixsterUITests.debug.xcconfig */ = {isa = PBXFileReference; includeInIndex = 1; lastKnownFileType = text.xcconfig; name = "Pods-flixster-flixsterUITests.debug.xcconfig"; path = "Target Support Files/Pods-flixster-flixsterUITests/Pods-flixster-flixsterUITests.debug.xcconfig"; sourceTree = "<group>"; };
/* End PBXFileReference section */

/* Begin PBXFrameworksBuildPhase section */
		3F509B0E27AA72A600D3C7B6 /* Frameworks */ = {
			isa = PBXFrameworksBuildPhase;
			buildActionMask = 2147483647;
			files = (
				3F08064127AD055D006B3CA9 /* AlamofireImage in Frameworks */,
				C3A2DA1AA51689026CE9378C /* Pods_flixster.framework in Frameworks */,
			);
			runOnlyForDeploymentPostprocessing = 0;
		};
		3F509B2427AA72AA00D3C7B6 /* Frameworks */ = {
			isa = PBXFrameworksBuildPhase;
			buildActionMask = 2147483647;
			files = (
				8ECE720FC6D9CA0D64247528 /* Pods_flixsterTests.framework in Frameworks */,
			);
			runOnlyForDeploymentPostprocessing = 0;
		};
		3F509B2E27AA72AA00D3C7B6 /* Frameworks */ = {
			isa = PBXFrameworksBuildPhase;
			buildActionMask = 2147483647;
			files = (
				BFA4A0397374FBB9E84FB129 /* Pods_flixster_flixsterUITests.framework in Frameworks */,
			);
			runOnlyForDeploymentPostprocessing = 0;
		};
/* End PBXFrameworksBuildPhase section */

/* Begin PBXGroup section */
		11D4B547800C6F2E9CE1EDA4 /* Pods */ = {
			isa = PBXGroup;
			children = (
				6C0047029A2DF20E27C64C19 /* Pods-flixster.debug.xcconfig */,
				4AB420CDE726E470F3989FC4 /* Pods-flixster.release.xcconfig */,
				B7813BA22C98E33E4A4D275D /* Pods-flixster-flixsterUITests.debug.xcconfig */,
				74863FBB8B2B57E45221445A /* Pods-flixster-flixsterUITests.release.xcconfig */,
				B505507A0C490029803F2A34 /* Pods-flixsterTests.debug.xcconfig */,
				68CE9580A196C19308475A3C /* Pods-flixsterTests.release.xcconfig */,
			);
			path = Pods;
			sourceTree = "<group>";
		};
		3F509B0827AA72A600D3C7B6 = {
			isa = PBXGroup;
			children = (
				3F509B1327AA72A600D3C7B6 /* flixster */,
				3F509B2A27AA72AA00D3C7B6 /* flixsterTests */,
				3F509B3427AA72AA00D3C7B6 /* flixsterUITests */,
				3F509B1227AA72A600D3C7B6 /* Products */,
				11D4B547800C6F2E9CE1EDA4 /* Pods */,
				850A42D138150E022C7CD35B /* Frameworks */,
			);
			sourceTree = "<group>";
		};
		3F509B1227AA72A600D3C7B6 /* Products */ = {
			isa = PBXGroup;
			children = (
				3F509B1127AA72A600D3C7B6 /* flixster.app */,
				3F509B2727AA72AA00D3C7B6 /* flixsterTests.xctest */,
				3F509B3127AA72AA00D3C7B6 /* flixsterUITests.xctest */,
			);
			name = Products;
			sourceTree = "<group>";
		};
		3F509B1327AA72A600D3C7B6 /* flixster */ = {
			isa = PBXGroup;
			children = (
				3F509B1427AA72A600D3C7B6 /* AppDelegate.swift */,
				3F509B6A27ABCBD900D3C7B6 /* MoviesViewController.swift */,
				3F509B1627AA72A600D3C7B6 /* SceneDelegate.swift */,
				3F509B1827AA72A600D3C7B6 /* ViewController.swift */,
				3F509B1A27AA72A600D3C7B6 /* Main.storyboard */,
				3F04591B27B39D7B000AB74F /* MovieDetailsViewController.swift */,
				3F509B1D27AA72AA00D3C7B6 /* Assets.xcassets */,
				3F509B1F27AA72AA00D3C7B6 /* LaunchScreen.storyboard */,
				3F509B2227AA72AA00D3C7B6 /* Info.plist */,
				3F08063D27ABD616006B3CA9 /* MovieCell.swift */,
				3F04591D27B3B609000AB74F /* MovieGridViewController.swift */,
				3F04591F27B3C1E2000AB74F /* MovieGridCell.swift */,
			);
			path = flixster;
			sourceTree = "<group>";
		};
		3F509B2A27AA72AA00D3C7B6 /* flixsterTests */ = {
			isa = PBXGroup;
			children = (
				3F509B2B27AA72AA00D3C7B6 /* flixsterTests.swift */,
			);
			path = flixsterTests;
			sourceTree = "<group>";
		};
		3F509B3427AA72AA00D3C7B6 /* flixsterUITests */ = {
			isa = PBXGroup;
			children = (
				3F509B3527AA72AA00D3C7B6 /* flixsterUITests.swift */,
				3F509B3727AA72AA00D3C7B6 /* flixsterUITestsLaunchTests.swift */,
			);
			path = flixsterUITests;
			sourceTree = "<group>";
		};
		850A42D138150E022C7CD35B /* Frameworks */ = {
			isa = PBXGroup;
			children = (
				471F0D78D9F6989ECA62ED90 /* Pods_flixster.framework */,
				91B03CC5886F4BAA08E99C3F /* Pods_flixster_flixsterUITests.framework */,
				0AA06E59124396CDFF5F9605 /* Pods_flixsterTests.framework */,
			);
			name = Frameworks;
			sourceTree = "<group>";
		};
/* End PBXGroup section */

/* Begin PBXNativeTarget section */
		3F509B1027AA72A600D3C7B6 /* flixster */ = {
			isa = PBXNativeTarget;
			buildConfigurationList = 3F509B3B27AA72AA00D3C7B6 /* Build configuration list for PBXNativeTarget "flixster" */;
			buildPhases = (
				8920C9AE61E9E1BD2706566D /* [CP] Check Pods Manifest.lock */,
				3F509B0D27AA72A600D3C7B6 /* Sources */,
				3F509B0E27AA72A600D3C7B6 /* Frameworks */,
				3F509B0F27AA72A600D3C7B6 /* Resources */,
				D9F7005407525B860AD204BF /* [CP] Embed Pods Frameworks */,
			);
			buildRules = (
			);
			dependencies = (
			);
			name = flixster;
			packageProductDependencies = (
				3F08064027AD055D006B3CA9 /* AlamofireImage */,
			);
			productName = flixster;
			productReference = 3F509B1127AA72A600D3C7B6 /* flixster.app */;
			productType = "com.apple.product-type.application";
		};
		3F509B2627AA72AA00D3C7B6 /* flixsterTests */ = {
			isa = PBXNativeTarget;
			buildConfigurationList = 3F509B3E27AA72AA00D3C7B6 /* Build configuration list for PBXNativeTarget "flixsterTests" */;
			buildPhases = (
				AF7789CE10EE1DCDAF1304B7 /* [CP] Check Pods Manifest.lock */,
				3F509B2327AA72AA00D3C7B6 /* Sources */,
				3F509B2427AA72AA00D3C7B6 /* Frameworks */,
				3F509B2527AA72AA00D3C7B6 /* Resources */,
			);
			buildRules = (
			);
			dependencies = (
				3F509B2927AA72AA00D3C7B6 /* PBXTargetDependency */,
			);
			name = flixsterTests;
			productName = flixsterTests;
			productReference = 3F509B2727AA72AA00D3C7B6 /* flixsterTests.xctest */;
			productType = "com.apple.product-type.bundle.unit-test";
		};
		3F509B3027AA72AA00D3C7B6 /* flixsterUITests */ = {
			isa = PBXNativeTarget;
			buildConfigurationList = 3F509B4127AA72AA00D3C7B6 /* Build configuration list for PBXNativeTarget "flixsterUITests" */;
			buildPhases = (
				FB3B2DADAC7C2EC16AF19C1C /* [CP] Check Pods Manifest.lock */,
				3F509B2D27AA72AA00D3C7B6 /* Sources */,
				3F509B2E27AA72AA00D3C7B6 /* Frameworks */,
				3F509B2F27AA72AA00D3C7B6 /* Resources */,
				4F847D92C315457CB96B3795 /* [CP] Embed Pods Frameworks */,
			);
			buildRules = (
			);
			dependencies = (
				3F509B3327AA72AA00D3C7B6 /* PBXTargetDependency */,
			);
			name = flixsterUITests;
			productName = flixsterUITests;
			productReference = 3F509B3127AA72AA00D3C7B6 /* flixsterUITests.xctest */;
			productType = "com.apple.product-type.bundle.ui-testing";
		};
/* End PBXNativeTarget section */

/* Begin PBXProject section */
		3F509B0927AA72A600D3C7B6 /* Project object */ = {
			isa = PBXProject;
			attributes = {
				BuildIndependentTargetsInParallel = 1;
				LastSwiftUpdateCheck = 1320;
				LastUpgradeCheck = 1320;
				TargetAttributes = {
					3F509B1027AA72A600D3C7B6 = {
						CreatedOnToolsVersion = 13.2.1;
					};
					3F509B2627AA72AA00D3C7B6 = {
						CreatedOnToolsVersion = 13.2.1;
						TestTargetID = 3F509B1027AA72A600D3C7B6;
					};
					3F509B3027AA72AA00D3C7B6 = {
						CreatedOnToolsVersion = 13.2.1;
						TestTargetID = 3F509B1027AA72A600D3C7B6;
					};
				};
			};
			buildConfigurationList = 3F509B0C27AA72A600D3C7B6 /* Build configuration list for PBXProject "flixster" */;
			compatibilityVersion = "Xcode 13.0";
			developmentRegion = en;
			hasScannedForEncodings = 0;
			knownRegions = (
				en,
				Base,
			);
			mainGroup = 3F509B0827AA72A600D3C7B6;
			packageReferences = (
				3F08063F27AD055D006B3CA9 /* XCRemoteSwiftPackageReference "AlamofireImage" */,
			);
			productRefGroup = 3F509B1227AA72A600D3C7B6 /* Products */;
			projectDirPath = "";
			projectRoot = "";
			targets = (
				3F509B1027AA72A600D3C7B6 /* flixster */,
				3F509B2627AA72AA00D3C7B6 /* flixsterTests */,
				3F509B3027AA72AA00D3C7B6 /* flixsterUITests */,
			);
		};
/* End PBXProject section */

/* Begin PBXResourcesBuildPhase section */
		3F509B0F27AA72A600D3C7B6 /* Resources */ = {
			isa = PBXResourcesBuildPhase;
			buildActionMask = 2147483647;
			files = (
				3F509B2127AA72AA00D3C7B6 /* LaunchScreen.storyboard in Resources */,
				3F509B1E27AA72AA00D3C7B6 /* Assets.xcassets in Resources */,
				3F509B1C27AA72A600D3C7B6 /* Main.storyboard in Resources */,
			);
			runOnlyForDeploymentPostprocessing = 0;
		};
		3F509B2527AA72AA00D3C7B6 /* Resources */ = {
			isa = PBXResourcesBuildPhase;
			buildActionMask = 2147483647;
			files = (
			);
			runOnlyForDeploymentPostprocessing = 0;
		};
		3F509B2F27AA72AA00D3C7B6 /* Resources */ = {
			isa = PBXResourcesBuildPhase;
			buildActionMask = 2147483647;
			files = (
			);
			runOnlyForDeploymentPostprocessing = 0;
		};
/* End PBXResourcesBuildPhase section */

/* Begin PBXShellScriptBuildPhase section */
		4F847D92C315457CB96B3795 /* [CP] Embed Pods Frameworks */ = {
			isa = PBXShellScriptBuildPhase;
			buildActionMask = 2147483647;
			files = (
			);
			inputFileListPaths = (
				"${PODS_ROOT}/Target Support Files/Pods-flixster-flixsterUITests/Pods-flixster-flixsterUITests-frameworks-${CONFIGURATION}-input-files.xcfilelist",
			);
			name = "[CP] Embed Pods Frameworks";
			outputFileListPaths = (
				"${PODS_ROOT}/Target Support Files/Pods-flixster-flixsterUITests/Pods-flixster-flixsterUITests-frameworks-${CONFIGURATION}-output-files.xcfilelist",
			);
			runOnlyForDeploymentPostprocessing = 0;
			shellPath = /bin/sh;
			shellScript = "\"${PODS_ROOT}/Target Support Files/Pods-flixster-flixsterUITests/Pods-flixster-flixsterUITests-frameworks.sh\"\n";
			showEnvVarsInLog = 0;
		};
		8920C9AE61E9E1BD2706566D /* [CP] Check Pods Manifest.lock */ = {
			isa = PBXShellScriptBuildPhase;
			buildActionMask = 2147483647;
			files = (
			);
			inputFileListPaths = (
			);
			inputPaths = (
				"${PODS_PODFILE_DIR_PATH}/Podfile.lock",
				"${PODS_ROOT}/Manifest.lock",
			);
			name = "[CP] Check Pods Manifest.lock";
			outputFileListPaths = (
			);
			outputPaths = (
				"$(DERIVED_FILE_DIR)/Pods-flixster-checkManifestLockResult.txt",
			);
			runOnlyForDeploymentPostprocessing = 0;
			shellPath = /bin/sh;
			shellScript = "diff \"${PODS_PODFILE_DIR_PATH}/Podfile.lock\" \"${PODS_ROOT}/Manifest.lock\" > /dev/null\nif [ $? != 0 ] ; then\n    # print error to STDERR\n    echo \"error: The sandbox is not in sync with the Podfile.lock. Run 'pod install' or update your CocoaPods installation.\" >&2\n    exit 1\nfi\n# This output is used by Xcode 'outputs' to avoid re-running this script phase.\necho \"SUCCESS\" > \"${SCRIPT_OUTPUT_FILE_0}\"\n";
			showEnvVarsInLog = 0;
		};
		AF7789CE10EE1DCDAF1304B7 /* [CP] Check Pods Manifest.lock */ = {
			isa = PBXShellScriptBuildPhase;
			buildActionMask = 2147483647;
			files = (
			);
			inputFileListPaths = (
			);
			inputPaths = (
				"${PODS_PODFILE_DIR_PATH}/Podfile.lock",
				"${PODS_ROOT}/Manifest.lock",
			);
			name = "[CP] Check Pods Manifest.lock";
			outputFileListPaths = (
			);
			outputPaths = (
				"$(DERIVED_FILE_DIR)/Pods-flixsterTests-checkManifestLockResult.txt",
			);
			runOnlyForDeploymentPostprocessing = 0;
			shellPath = /bin/sh;
			shellScript = "diff \"${PODS_PODFILE_DIR_PATH}/Podfile.lock\" \"${PODS_ROOT}/Manifest.lock\" > /dev/null\nif [ $? != 0 ] ; then\n    # print error to STDERR\n    echo \"error: The sandbox is not in sync with the Podfile.lock. Run 'pod install' or update your CocoaPods installation.\" >&2\n    exit 1\nfi\n# This output is used by Xcode 'outputs' to avoid re-running this script phase.\necho \"SUCCESS\" > \"${SCRIPT_OUTPUT_FILE_0}\"\n";
			showEnvVarsInLog = 0;
		};
		D9F7005407525B860AD204BF /* [CP] Embed Pods Frameworks */ = {
			isa = PBXShellScriptBuildPhase;
			buildActionMask = 2147483647;
			files = (
			);
			inputFileListPaths = (
				"${PODS_ROOT}/Target Support Files/Pods-flixster/Pods-flixster-frameworks-${CONFIGURATION}-input-files.xcfilelist",
			);
			name = "[CP] Embed Pods Frameworks";
			outputFileListPaths = (
				"${PODS_ROOT}/Target Support Files/Pods-flixster/Pods-flixster-frameworks-${CONFIGURATION}-output-files.xcfilelist",
			);
			runOnlyForDeploymentPostprocessing = 0;
			shellPath = /bin/sh;
			shellScript = "\"${PODS_ROOT}/Target Support Files/Pods-flixster/Pods-flixster-frameworks.sh\"\n";
			showEnvVarsInLog = 0;
		};
		FB3B2DADAC7C2EC16AF19C1C /* [CP] Check Pods Manifest.lock */ = {
			isa = PBXShellScriptBuildPhase;
			buildActionMask = 2147483647;
			files = (
			);
			inputFileListPaths = (
			);
			inputPaths = (
				"${PODS_PODFILE_DIR_PATH}/Podfile.lock",
				"${PODS_ROOT}/Manifest.lock",
			);
			name = "[CP] Check Pods Manifest.lock";
			outputFileListPaths = (
			);
			outputPaths = (
				"$(DERIVED_FILE_DIR)/Pods-flixster-flixsterUITests-checkManifestLockResult.txt",
			);
			runOnlyForDeploymentPostprocessing = 0;
			shellPath = /bin/sh;
			shellScript = "diff \"${PODS_PODFILE_DIR_PATH}/Podfile.lock\" \"${PODS_ROOT}/Manifest.lock\" > /dev/null\nif [ $? != 0 ] ; then\n    # print error to STDERR\n    echo \"error: The sandbox is not in sync with the Podfile.lock. Run 'pod install' or update your CocoaPods installation.\" >&2\n    exit 1\nfi\n# This output is used by Xcode 'outputs' to avoid re-running this script phase.\necho \"SUCCESS\" > \"${SCRIPT_OUTPUT_FILE_0}\"\n";
			showEnvVarsInLog = 0;
		};
/* End PBXShellScriptBuildPhase section */

/* Begin PBXSourcesBuildPhase section */
		3F509B0D27AA72A600D3C7B6 /* Sources */ = {
			isa = PBXSourcesBuildPhase;
			buildActionMask = 2147483647;
			files = (
				3F509B1927AA72A600D3C7B6 /* ViewController.swift in Sources */,
				3F509B1527AA72A600D3C7B6 /* AppDelegate.swift in Sources */,
				3F04591C27B39D7B000AB74F /* MovieDetailsViewController.swift in Sources */,
				3F04591E27B3B609000AB74F /* MovieGridViewController.swift in Sources */,
				3F04592027B3C1E2000AB74F /* MovieGridCell.swift in Sources */,
				3F509B1727AA72A600D3C7B6 /* SceneDelegate.swift in Sources */,
				3F08063E27ABD616006B3CA9 /* MovieCell.swift in Sources */,
				3F509B6B27ABCBD900D3C7B6 /* MoviesViewController.swift in Sources */,
			);
			runOnlyForDeploymentPostprocessing = 0;
		};
		3F509B2327AA72AA00D3C7B6 /* Sources */ = {
			isa = PBXSourcesBuildPhase;
			buildActionMask = 2147483647;
			files = (
				3F509B2C27AA72AA00D3C7B6 /* flixsterTests.swift in Sources */,
			);
			runOnlyForDeploymentPostprocessing = 0;
		};
		3F509B2D27AA72AA00D3C7B6 /* Sources */ = {
			isa = PBXSourcesBuildPhase;
			buildActionMask = 2147483647;
			files = (
				3F509B3827AA72AA00D3C7B6 /* flixsterUITestsLaunchTests.swift in Sources */,
				3F509B3627AA72AA00D3C7B6 /* flixsterUITests.swift in Sources */,
			);
			runOnlyForDeploymentPostprocessing = 0;
		};
/* End PBXSourcesBuildPhase section */

/* Begin PBXTargetDependency section */
		3F509B2927AA72AA00D3C7B6 /* PBXTargetDependency */ = {
			isa = PBXTargetDependency;
			target = 3F509B1027AA72A600D3C7B6 /* flixster */;
			targetProxy = 3F509B2827AA72AA00D3C7B6 /* PBXContainerItemProxy */;
		};
		3F509B3327AA72AA00D3C7B6 /* PBXTargetDependency */ = {
			isa = PBXTargetDependency;
			target = 3F509B1027AA72A600D3C7B6 /* flixster */;
			targetProxy = 3F509B3227AA72AA00D3C7B6 /* PBXContainerItemProxy */;
		};
/* End PBXTargetDependency section */

/* Begin PBXVariantGroup section */
		3F509B1A27AA72A600D3C7B6 /* Main.storyboard */ = {
			isa = PBXVariantGroup;
			children = (
				3F509B1B27AA72A600D3C7B6 /* Base */,
			);
			name = Main.storyboard;
			sourceTree = "<group>";
		};
		3F509B1F27AA72AA00D3C7B6 /* LaunchScreen.storyboard */ = {
			isa = PBXVariantGroup;
			children = (
				3F509B2027AA72AA00D3C7B6 /* Base */,
			);
			name = LaunchScreen.storyboard;
			sourceTree = "<group>";
		};
/* End PBXVariantGroup section */

/* Begin XCBuildConfiguration section */
		3F509B3927AA72AA00D3C7B6 /* Debug */ = {
			isa = XCBuildConfiguration;
			buildSettings = {
				ALWAYS_SEARCH_USER_PATHS = NO;
				CLANG_ANALYZER_NONNULL = YES;
				CLANG_ANALYZER_NUMBER_OBJECT_CONVERSION = YES_AGGRESSIVE;
				CLANG_CXX_LANGUAGE_STANDARD = "gnu++17";
				CLANG_CXX_LIBRARY = "libc++";
				CLANG_ENABLE_MODULES = YES;
				CLANG_ENABLE_OBJC_ARC = YES;
				CLANG_ENABLE_OBJC_WEAK = YES;
				CLANG_WARN_BLOCK_CAPTURE_AUTORELEASING = YES;
				CLANG_WARN_BOOL_CONVERSION = YES;
				CLANG_WARN_COMMA = YES;
				CLANG_WARN_CONSTANT_CONVERSION = YES;
				CLANG_WARN_DEPRECATED_OBJC_IMPLEMENTATIONS = YES;
				CLANG_WARN_DIRECT_OBJC_ISA_USAGE = YES_ERROR;
				CLANG_WARN_DOCUMENTATION_COMMENTS = YES;
				CLANG_WARN_EMPTY_BODY = YES;
				CLANG_WARN_ENUM_CONVERSION = YES;
				CLANG_WARN_INFINITE_RECURSION = YES;
				CLANG_WARN_INT_CONVERSION = YES;
				CLANG_WARN_NON_LITERAL_NULL_CONVERSION = YES;
				CLANG_WARN_OBJC_IMPLICIT_RETAIN_SELF = YES;
				CLANG_WARN_OBJC_LITERAL_CONVERSION = YES;
				CLANG_WARN_OBJC_ROOT_CLASS = YES_ERROR;
				CLANG_WARN_QUOTED_INCLUDE_IN_FRAMEWORK_HEADER = YES;
				CLANG_WARN_RANGE_LOOP_ANALYSIS = YES;
				CLANG_WARN_STRICT_PROTOTYPES = YES;
				CLANG_WARN_SUSPICIOUS_MOVE = YES;
				CLANG_WARN_UNGUARDED_AVAILABILITY = YES_AGGRESSIVE;
				CLANG_WARN_UNREACHABLE_CODE = YES;
				CLANG_WARN__DUPLICATE_METHOD_MATCH = YES;
				COPY_PHASE_STRIP = NO;
				DEBUG_INFORMATION_FORMAT = dwarf;
				ENABLE_STRICT_OBJC_MSGSEND = YES;
				ENABLE_TESTABILITY = YES;
				GCC_C_LANGUAGE_STANDARD = gnu11;
				GCC_DYNAMIC_NO_PIC = NO;
				GCC_NO_COMMON_BLOCKS = YES;
				GCC_OPTIMIZATION_LEVEL = 0;
				GCC_PREPROCESSOR_DEFINITIONS = (
					"DEBUG=1",
					"$(inherited)",
				);
				GCC_WARN_64_TO_32_BIT_CONVERSION = YES;
				GCC_WARN_ABOUT_RETURN_TYPE = YES_ERROR;
				GCC_WARN_UNDECLARED_SELECTOR = YES;
				GCC_WARN_UNINITIALIZED_AUTOS = YES_AGGRESSIVE;
				GCC_WARN_UNUSED_FUNCTION = YES;
				GCC_WARN_UNUSED_VARIABLE = YES;
				IPHONEOS_DEPLOYMENT_TARGET = 15.2;
				MTL_ENABLE_DEBUG_INFO = INCLUDE_SOURCE;
				MTL_FAST_MATH = YES;
				ONLY_ACTIVE_ARCH = YES;
				SDKROOT = iphoneos;
				SWIFT_ACTIVE_COMPILATION_CONDITIONS = DEBUG;
				SWIFT_OPTIMIZATION_LEVEL = "-Onone";
			};
			name = Debug;
		};
		3F509B3A27AA72AA00D3C7B6 /* Release */ = {
			isa = XCBuildConfiguration;
			buildSettings = {
				ALWAYS_SEARCH_USER_PATHS = NO;
				CLANG_ANALYZER_NONNULL = YES;
				CLANG_ANALYZER_NUMBER_OBJECT_CONVERSION = YES_AGGRESSIVE;
				CLANG_CXX_LANGUAGE_STANDARD = "gnu++17";
				CLANG_CXX_LIBRARY = "libc++";
				CLANG_ENABLE_MODULES = YES;
				CLANG_ENABLE_OBJC_ARC = YES;
				CLANG_ENABLE_OBJC_WEAK = YES;
				CLANG_WARN_BLOCK_CAPTURE_AUTORELEASING = YES;
				CLANG_WARN_BOOL_CONVERSION = YES;
				CLANG_WARN_COMMA = YES;
				CLANG_WARN_CONSTANT_CONVERSION = YES;
				CLANG_WARN_DEPRECATED_OBJC_IMPLEMENTATIONS = YES;
				CLANG_WARN_DIRECT_OBJC_ISA_USAGE = YES_ERROR;
				CLANG_WARN_DOCUMENTATION_COMMENTS = YES;
				CLANG_WARN_EMPTY_BODY = YES;
				CLANG_WARN_ENUM_CONVERSION = YES;
				CLANG_WARN_INFINITE_RECURSION = YES;
				CLANG_WARN_INT_CONVERSION = YES;
				CLANG_WARN_NON_LITERAL_NULL_CONVERSION = YES;
				CLANG_WARN_OBJC_IMPLICIT_RETAIN_SELF = YES;
				CLANG_WARN_OBJC_LITERAL_CONVERSION = YES;
				CLANG_WARN_OBJC_ROOT_CLASS = YES_ERROR;
				CLANG_WARN_QUOTED_INCLUDE_IN_FRAMEWORK_HEADER = YES;
				CLANG_WARN_RANGE_LOOP_ANALYSIS = YES;
				CLANG_WARN_STRICT_PROTOTYPES = YES;
				CLANG_WARN_SUSPICIOUS_MOVE = YES;
				CLANG_WARN_UNGUARDED_AVAILABILITY = YES_AGGRESSIVE;
				CLANG_WARN_UNREACHABLE_CODE = YES;
				CLANG_WARN__DUPLICATE_METHOD_MATCH = YES;
				COPY_PHASE_STRIP = NO;
				DEBUG_INFORMATION_FORMAT = "dwarf-with-dsym";
				ENABLE_NS_ASSERTIONS = NO;
				ENABLE_STRICT_OBJC_MSGSEND = YES;
				GCC_C_LANGUAGE_STANDARD = gnu11;
				GCC_NO_COMMON_BLOCKS = YES;
				GCC_WARN_64_TO_32_BIT_CONVERSION = YES;
				GCC_WARN_ABOUT_RETURN_TYPE = YES_ERROR;
				GCC_WARN_UNDECLARED_SELECTOR = YES;
				GCC_WARN_UNINITIALIZED_AUTOS = YES_AGGRESSIVE;
				GCC_WARN_UNUSED_FUNCTION = YES;
				GCC_WARN_UNUSED_VARIABLE = YES;
				IPHONEOS_DEPLOYMENT_TARGET = 15.2;
				MTL_ENABLE_DEBUG_INFO = NO;
				MTL_FAST_MATH = YES;
				SDKROOT = iphoneos;
				SWIFT_COMPILATION_MODE = wholemodule;
				SWIFT_OPTIMIZATION_LEVEL = "-O";
				VALIDATE_PRODUCT = YES;
			};
			name = Release;
		};
		3F509B3C27AA72AA00D3C7B6 /* Debug */ = {
			isa = XCBuildConfiguration;
			baseConfigurationReference = 6C0047029A2DF20E27C64C19 /* Pods-flixster.debug.xcconfig */;
			buildSettings = {
				ASSETCATALOG_COMPILER_APPICON_NAME = AppIcon;
				ASSETCATALOG_COMPILER_GLOBAL_ACCENT_COLOR_NAME = AccentColor;
				CODE_SIGN_STYLE = Automatic;
				CURRENT_PROJECT_VERSION = 1;
				DEVELOPMENT_TEAM = 9V2FGHP99L;
				GENERATE_INFOPLIST_FILE = YES;
				INFOPLIST_FILE = flixster/Info.plist;
				INFOPLIST_KEY_UIApplicationSupportsIndirectInputEvents = YES;
				INFOPLIST_KEY_UILaunchStoryboardName = LaunchScreen;
				INFOPLIST_KEY_UIMainStoryboardFile = Main;
				INFOPLIST_KEY_UISupportedInterfaceOrientations_iPad = "UIInterfaceOrientationPortrait UIInterfaceOrientationPortraitUpsideDown UIInterfaceOrientationLandscapeLeft UIInterfaceOrientationLandscapeRight";
				INFOPLIST_KEY_UISupportedInterfaceOrientations_iPhone = "UIInterfaceOrientationPortrait UIInterfaceOrientationLandscapeLeft UIInterfaceOrientationLandscapeRight";
				LD_RUNPATH_SEARCH_PATHS = (
					"$(inherited)",
					"@executable_path/Frameworks",
				);
				MARKETING_VERSION = 1.0;
				PRODUCT_BUNDLE_IDENTIFIER = com.phillipschool24.flixster;
				PRODUCT_NAME = "$(TARGET_NAME)";
				SWIFT_EMIT_LOC_STRINGS = YES;
				SWIFT_VERSION = 5.0;
				TARGETED_DEVICE_FAMILY = "1,2";
			};
			name = Debug;
		};
		3F509B3D27AA72AA00D3C7B6 /* Release */ = {
			isa = XCBuildConfiguration;
			baseConfigurationReference = 4AB420CDE726E470F3989FC4 /* Pods-flixster.release.xcconfig */;
			buildSettings = {
				ASSETCATALOG_COMPILER_APPICON_NAME = AppIcon;
				ASSETCATALOG_COMPILER_GLOBAL_ACCENT_COLOR_NAME = AccentColor;
				CODE_SIGN_STYLE = Automatic;
				CURRENT_PROJECT_VERSION = 1;
				DEVELOPMENT_TEAM = 9V2FGHP99L;
				GENERATE_INFOPLIST_FILE = YES;
				INFOPLIST_FILE = flixster/Info.plist;
				INFOPLIST_KEY_UIApplicationSupportsIndirectInputEvents = YES;
				INFOPLIST_KEY_UILaunchStoryboardName = LaunchScreen;
				INFOPLIST_KEY_UIMainStoryboardFile = Main;
				INFOPLIST_KEY_UISupportedInterfaceOrientations_iPad = "UIInterfaceOrientationPortrait UIInterfaceOrientationPortraitUpsideDown UIInterfaceOrientationLandscapeLeft UIInterfaceOrientationLandscapeRight";
				INFOPLIST_KEY_UISupportedInterfaceOrientations_iPhone = "UIInterfaceOrientationPortrait UIInterfaceOrientationLandscapeLeft UIInterfaceOrientationLandscapeRight";
				LD_RUNPATH_SEARCH_PATHS = (
					"$(inherited)",
					"@executable_path/Frameworks",
				);
				MARKETING_VERSION = 1.0;
				PRODUCT_BUNDLE_IDENTIFIER = com.phillipschool24.flixster;
				PRODUCT_NAME = "$(TARGET_NAME)";
				SWIFT_EMIT_LOC_STRINGS = YES;
				SWIFT_VERSION = 5.0;
				TARGETED_DEVICE_FAMILY = "1,2";
			};
			name = Release;
		};
		3F509B3F27AA72AA00D3C7B6 /* Debug */ = {
			isa = XCBuildConfiguration;
			baseConfigurationReference = B505507A0C490029803F2A34 /* Pods-flixsterTests.debug.xcconfig */;
			buildSettings = {
				ALWAYS_EMBED_SWIFT_STANDARD_LIBRARIES = YES;
				BUNDLE_LOADER = "$(TEST_HOST)";
				CODE_SIGN_STYLE = Automatic;
				CURRENT_PROJECT_VERSION = 1;
				DEVELOPMENT_TEAM = 9V2FGHP99L;
				GENERATE_INFOPLIST_FILE = YES;
				IPHONEOS_DEPLOYMENT_TARGET = 15.2;
				MARKETING_VERSION = 1.0;
				PRODUCT_BUNDLE_IDENTIFIER = com.phillipschool24.flixsterTests;
				PRODUCT_NAME = "$(TARGET_NAME)";
				SWIFT_EMIT_LOC_STRINGS = NO;
				SWIFT_VERSION = 5.0;
				TARGETED_DEVICE_FAMILY = "1,2";
				TEST_HOST = "$(BUILT_PRODUCTS_DIR)/flixster.app/flixster";
			};
			name = Debug;
		};
		3F509B4027AA72AA00D3C7B6 /* Release */ = {
			isa = XCBuildConfiguration;
			baseConfigurationReference = 68CE9580A196C19308475A3C /* Pods-flixsterTests.release.xcconfig */;
			buildSettings = {
				ALWAYS_EMBED_SWIFT_STANDARD_LIBRARIES = YES;
				BUNDLE_LOADER = "$(TEST_HOST)";
				CODE_SIGN_STYLE = Automatic;
				CURRENT_PROJECT_VERSION = 1;
				DEVELOPMENT_TEAM = 9V2FGHP99L;
				GENERATE_INFOPLIST_FILE = YES;
				IPHONEOS_DEPLOYMENT_TARGET = 15.2;
				MARKETING_VERSION = 1.0;
				PRODUCT_BUNDLE_IDENTIFIER = com.phillipschool24.flixsterTests;
				PRODUCT_NAME = "$(TARGET_NAME)";
				SWIFT_EMIT_LOC_STRINGS = NO;
				SWIFT_VERSION = 5.0;
				TARGETED_DEVICE_FAMILY = "1,2";
				TEST_HOST = "$(BUILT_PRODUCTS_DIR)/flixster.app/flixster";
			};
			name = Release;
		};
		3F509B4227AA72AA00D3C7B6 /* Debug */ = {
			isa = XCBuildConfiguration;
			baseConfigurationReference = B7813BA22C98E33E4A4D275D /* Pods-flixster-flixsterUITests.debug.xcconfig */;
			buildSettings = {
				ALWAYS_EMBED_SWIFT_STANDARD_LIBRARIES = YES;
				CODE_SIGN_STYLE = Automatic;
				CURRENT_PROJECT_VERSION = 1;
				DEVELOPMENT_TEAM = 9V2FGHP99L;
				GENERATE_INFOPLIST_FILE = YES;
				MARKETING_VERSION = 1.0;
				PRODUCT_BUNDLE_IDENTIFIER = com.phillipschool24.flixsterUITests;
				PRODUCT_NAME = "$(TARGET_NAME)";
				SWIFT_EMIT_LOC_STRINGS = NO;
				SWIFT_VERSION = 5.0;
				TARGETED_DEVICE_FAMILY = "1,2";
				TEST_TARGET_NAME = flixster;
			};
			name = Debug;
		};
		3F509B4327AA72AA00D3C7B6 /* Release */ = {
			isa = XCBuildConfiguration;
			baseConfigurationReference = 74863FBB8B2B57E45221445A /* Pods-flixster-flixsterUITests.release.xcconfig */;
			buildSettings = {
				ALWAYS_EMBED_SWIFT_STANDARD_LIBRARIES = YES;
				CODE_SIGN_STYLE = Automatic;
				CURRENT_PROJECT_VERSION = 1;
				DEVELOPMENT_TEAM = 9V2FGHP99L;
				GENERATE_INFOPLIST_FILE = YES;
				MARKETING_VERSION = 1.0;
				PRODUCT_BUNDLE_IDENTIFIER = com.phillipschool24.flixsterUITests;
				PRODUCT_NAME = "$(TARGET_NAME)";
				SWIFT_EMIT_LOC_STRINGS = NO;
				SWIFT_VERSION = 5.0;
				TARGETED_DEVICE_FAMILY = "1,2";
				TEST_TARGET_NAME = flixster;
			};
			name = Release;
		};
/* End XCBuildConfiguration section */

/* Begin XCConfigurationList section */
		3F509B0C27AA72A600D3C7B6 /* Build configuration list for PBXProject "flixster" */ = {
			isa = XCConfigurationList;
			buildConfigurations = (
				3F509B3927AA72AA00D3C7B6 /* Debug */,
				3F509B3A27AA72AA00D3C7B6 /* Release */,
			);
			defaultConfigurationIsVisible = 0;
			defaultConfigurationName = Release;
		};
		3F509B3B27AA72AA00D3C7B6 /* Build configuration list for PBXNativeTarget "flixster" */ = {
			isa = XCConfigurationList;
			buildConfigurations = (
				3F509B3C27AA72AA00D3C7B6 /* Debug */,
				3F509B3D27AA72AA00D3C7B6 /* Release */,
			);
			defaultConfigurationIsVisible = 0;
			defaultConfigurationName = Release;
		};
		3F509B3E27AA72AA00D3C7B6 /* Build configuration list for PBXNativeTarget "flixsterTests" */ = {
			isa = XCConfigurationList;
			buildConfigurations = (
				3F509B3F27AA72AA00D3C7B6 /* Debug */,
				3F509B4027AA72AA00D3C7B6 /* Release */,
			);
			defaultConfigurationIsVisible = 0;
			defaultConfigurationName = Release;
		};
		3F509B4127AA72AA00D3C7B6 /* Build configuration list for PBXNativeTarget "flixsterUITests" */ = {
			isa = XCConfigurationList;
			buildConfigurations = (
				3F509B4227AA72AA00D3C7B6 /* Debug */,
				3F509B4327AA72AA00D3C7B6 /* Release */,
			);
			defaultConfigurationIsVisible = 0;
			defaultConfigurationName = Release;
		};
/* End XCConfigurationList section */

/* Begin XCRemoteSwiftPackageReference section */
		3F08063F27AD055D006B3CA9 /* XCRemoteSwiftPackageReference "AlamofireImage" */ = {
			isa = XCRemoteSwiftPackageReference;
			repositoryURL = "https://github.com/Alamofire/AlamofireImage";
			requirement = {
				kind = upToNextMajorVersion;
				minimumVersion = 4.0.0;
			};
		};
/* End XCRemoteSwiftPackageReference section */

/* Begin XCSwiftPackageProductDependency section */
		3F08064027AD055D006B3CA9 /* AlamofireImage */ = {
			isa = XCSwiftPackageProductDependency;
			package = 3F08063F27AD055D006B3CA9 /* XCRemoteSwiftPackageReference "AlamofireImage" */;
			productName = AlamofireImage;
		};
/* End XCSwiftPackageProductDependency section */
	};
	rootObject = 3F509B0927AA72A600D3C7B6 /* Project object */;
}
